// !$*UTF8*$!
{
	archiveVersion = 1;
	classes = {
	};
	objectVersion = 56;
	objects = {

/* Begin PBXBuildFile section */
		AB48D3512A8D756800792DC4 /* RandomViewModel.swift in Sources */ = {isa = PBXBuildFile; fileRef = AB48D3502A8D756800792DC4 /* RandomViewModel.swift */; };
		AB48D3612A8EB1D900792DC4 /* FitTest.swift in Sources */ = {isa = PBXBuildFile; fileRef = AB48D3602A8EB1D900792DC4 /* FitTest.swift */; };
		AB48D3632A8EDDEB00792DC4 /* RandomNumberView.swift in Sources */ = {isa = PBXBuildFile; fileRef = AB48D3622A8EDDEB00792DC4 /* RandomNumberView.swift */; };
		AB5018132A8A75FD00179B02 /* OperationalResearchProjectApp.swift in Sources */ = {isa = PBXBuildFile; fileRef = AB5018122A8A75FD00179B02 /* OperationalResearchProjectApp.swift */; };
		AB5018152A8A75FD00179B02 /* ContentView.swift in Sources */ = {isa = PBXBuildFile; fileRef = AB5018142A8A75FD00179B02 /* ContentView.swift */; };
		AB5018172A8A75FF00179B02 /* Assets.xcassets in Resources */ = {isa = PBXBuildFile; fileRef = AB5018162A8A75FF00179B02 /* Assets.xcassets */; };
		AB50181A2A8A75FF00179B02 /* Preview Assets.xcassets in Resources */ = {isa = PBXBuildFile; fileRef = AB5018192A8A75FF00179B02 /* Preview Assets.xcassets */; };
		AB5018222A8A7A2C00179B02 /* QueryingView.swift in Sources */ = {isa = PBXBuildFile; fileRef = AB5018212A8A7A2C00179B02 /* QueryingView.swift */; };
		AB5018262A8AB85F00179B02 /* QueuingViewModel.swift in Sources */ = {isa = PBXBuildFile; fileRef = AB5018252A8AB85F00179B02 /* QueuingViewModel.swift */; };
		AB5018292A8ABC9C00179B02 /* Result.swift in Sources */ = {isa = PBXBuildFile; fileRef = AB5018282A8ABC9C00179B02 /* Result.swift */; };
		AB82F9222B78330E00DA2336 /* Customer.swift in Sources */ = {isa = PBXBuildFile; fileRef = AB82F9212B78330E00DA2336 /* Customer.swift */; };
		AB8A58862B7A0326006F3424 /* GrantChartDatum.swift in Sources */ = {isa = PBXBuildFile; fileRef = AB8A58852B7A0326006F3424 /* GrantChartDatum.swift */; };
		ABC6145B2B6657320033A5FF /* LCGView.swift in Sources */ = {isa = PBXBuildFile; fileRef = ABC6145A2B6657320033A5FF /* LCGView.swift */; };
		ABC614602B6657740033A5FF /* LCGViewModel.swift in Sources */ = {isa = PBXBuildFile; fileRef = ABC6145F2B6657740033A5FF /* LCGViewModel.swift */; };
		ABC614622B665E900033A5FF /* LCGRow.swift in Sources */ = {isa = PBXBuildFile; fileRef = ABC614612B665E900033A5FF /* LCGRow.swift */; };
		ABC614652B66F3000033A5FF /* MM1PriorityView.swift in Sources */ = {isa = PBXBuildFile; fileRef = ABC614642B66F3000033A5FF /* MM1PriorityView.swift */; };
		ABC614672B66F3520033A5FF /* MM1PriorityViewModel.swift in Sources */ = {isa = PBXBuildFile; fileRef = ABC614662B66F3520033A5FF /* MM1PriorityViewModel.swift */; };
/* End PBXBuildFile section */

/* Begin PBXCopyFilesBuildPhase section */
		AB62A76A2B3F11BB00CA6218 /* Embed Foundation Extensions */ = {
			isa = PBXCopyFilesBuildPhase;
			buildActionMask = 2147483647;
			dstPath = "";
			dstSubfolderSpec = 13;
			files = (
			);
			name = "Embed Foundation Extensions";
			runOnlyForDeploymentPostprocessing = 0;
		};
/* End PBXCopyFilesBuildPhase section */

/* Begin PBXFileReference section */
		AB48D3502A8D756800792DC4 /* RandomViewModel.swift */ = {isa = PBXFileReference; lastKnownFileType = sourcecode.swift; path = RandomViewModel.swift; sourceTree = "<group>"; };
		AB48D3602A8EB1D900792DC4 /* FitTest.swift */ = {isa = PBXFileReference; lastKnownFileType = sourcecode.swift; path = FitTest.swift; sourceTree = "<group>"; };
		AB48D3622A8EDDEB00792DC4 /* RandomNumberView.swift */ = {isa = PBXFileReference; lastKnownFileType = sourcecode.swift; path = RandomNumberView.swift; sourceTree = "<group>"; };
		AB50180F2A8A75FD00179B02 /* OperationalResearchProject.app */ = {isa = PBXFileReference; explicitFileType = wrapper.application; includeInIndex = 0; path = OperationalResearchProject.app; sourceTree = BUILT_PRODUCTS_DIR; };
		AB5018122A8A75FD00179B02 /* OperationalResearchProjectApp.swift */ = {isa = PBXFileReference; lastKnownFileType = sourcecode.swift; path = OperationalResearchProjectApp.swift; sourceTree = "<group>"; };
		AB5018142A8A75FD00179B02 /* ContentView.swift */ = {isa = PBXFileReference; lastKnownFileType = sourcecode.swift; path = ContentView.swift; sourceTree = "<group>"; };
		AB5018162A8A75FF00179B02 /* Assets.xcassets */ = {isa = PBXFileReference; lastKnownFileType = folder.assetcatalog; path = Assets.xcassets; sourceTree = "<group>"; };
		AB5018192A8A75FF00179B02 /* Preview Assets.xcassets */ = {isa = PBXFileReference; lastKnownFileType = folder.assetcatalog; path = "Preview Assets.xcassets"; sourceTree = "<group>"; };
		AB5018212A8A7A2C00179B02 /* QueryingView.swift */ = {isa = PBXFileReference; lastKnownFileType = sourcecode.swift; path = QueryingView.swift; sourceTree = "<group>"; };
		AB5018252A8AB85F00179B02 /* QueuingViewModel.swift */ = {isa = PBXFileReference; lastKnownFileType = sourcecode.swift; path = QueuingViewModel.swift; sourceTree = "<group>"; };
		AB5018282A8ABC9C00179B02 /* Result.swift */ = {isa = PBXFileReference; lastKnownFileType = sourcecode.swift; path = Result.swift; sourceTree = "<group>"; };
		AB62A7592B3F11BA00CA6218 /* WidgetKit.framework */ = {isa = PBXFileReference; lastKnownFileType = wrapper.framework; name = WidgetKit.framework; path = System/Library/Frameworks/WidgetKit.framework; sourceTree = SDKROOT; };
		AB62A75B2B3F11BA00CA6218 /* SwiftUI.framework */ = {isa = PBXFileReference; lastKnownFileType = wrapper.framework; name = SwiftUI.framework; path = System/Library/Frameworks/SwiftUI.framework; sourceTree = SDKROOT; };
		AB82F9212B78330E00DA2336 /* Customer.swift */ = {isa = PBXFileReference; lastKnownFileType = sourcecode.swift; path = Customer.swift; sourceTree = "<group>"; };
		AB8A58852B7A0326006F3424 /* GrantChartDatum.swift */ = {isa = PBXFileReference; lastKnownFileType = sourcecode.swift; path = GrantChartDatum.swift; sourceTree = "<group>"; };
		ABC6145A2B6657320033A5FF /* LCGView.swift */ = {isa = PBXFileReference; lastKnownFileType = sourcecode.swift; path = LCGView.swift; sourceTree = "<group>"; };
		ABC6145F2B6657740033A5FF /* LCGViewModel.swift */ = {isa = PBXFileReference; lastKnownFileType = sourcecode.swift; path = LCGViewModel.swift; sourceTree = "<group>"; };
		ABC614612B665E900033A5FF /* LCGRow.swift */ = {isa = PBXFileReference; lastKnownFileType = sourcecode.swift; path = LCGRow.swift; sourceTree = "<group>"; };
		ABC614642B66F3000033A5FF /* MM1PriorityView.swift */ = {isa = PBXFileReference; lastKnownFileType = sourcecode.swift; path = MM1PriorityView.swift; sourceTree = "<group>"; };
		ABC614662B66F3520033A5FF /* MM1PriorityViewModel.swift */ = {isa = PBXFileReference; lastKnownFileType = sourcecode.swift; path = MM1PriorityViewModel.swift; sourceTree = "<group>"; };
/* End PBXFileReference section */

/* Begin PBXFrameworksBuildPhase section */
		AB50180C2A8A75FD00179B02 /* Frameworks */ = {
			isa = PBXFrameworksBuildPhase;
			buildActionMask = 2147483647;
			files = (
			);
			runOnlyForDeploymentPostprocessing = 0;
		};
/* End PBXFrameworksBuildPhase section */

/* Begin PBXGroup section */
		AB3156D32B55957C000859E8 /* MVVM */ = {
			isa = PBXGroup;
			children = (
				AB5018272A8ABC8F00179B02 /* Model */,
				AB5018202A8A760700179B02 /* Views */,
			);
			path = MVVM;
			sourceTree = "<group>";
		};
		AB5018062A8A75FD00179B02 = {
			isa = PBXGroup;
			children = (
				AB5018112A8A75FD00179B02 /* OperationalResearchProject */,
				AB62A7582B3F11BA00CA6218 /* Frameworks */,
				AB5018102A8A75FD00179B02 /* Products */,
			);
			sourceTree = "<group>";
		};
		AB5018102A8A75FD00179B02 /* Products */ = {
			isa = PBXGroup;
			children = (
				AB50180F2A8A75FD00179B02 /* OperationalResearchProject.app */,
			);
			name = Products;
			sourceTree = "<group>";
		};
		AB5018112A8A75FD00179B02 /* OperationalResearchProject */ = {
			isa = PBXGroup;
			children = (
				AB3156D32B55957C000859E8 /* MVVM */,
				AB5018142A8A75FD00179B02 /* ContentView.swift */,
				AB5018122A8A75FD00179B02 /* OperationalResearchProjectApp.swift */,
				AB5018162A8A75FF00179B02 /* Assets.xcassets */,
				AB5018182A8A75FF00179B02 /* Preview Content */,
			);
			path = OperationalResearchProject;
			sourceTree = "<group>";
		};
		AB5018182A8A75FF00179B02 /* Preview Content */ = {
			isa = PBXGroup;
			children = (
				AB5018192A8A75FF00179B02 /* Preview Assets.xcassets */,
			);
			path = "Preview Content";
			sourceTree = "<group>";
		};
		AB5018202A8A760700179B02 /* Views */ = {
			isa = PBXGroup;
			children = (
				AB8A58902B7A0789006F3424 /* MM1 Priority */,
				ABC6145E2B66575A0033A5FF /* LCG */,
				ABC6145D2B66574C0033A5FF /* Random Number */,
				ABC6145C2B6657420033A5FF /* QueringView */,
			);
			path = Views;
			sourceTree = "<group>";
		};
		AB5018272A8ABC8F00179B02 /* Model */ = {
			isa = PBXGroup;
			children = (
				AB82F9212B78330E00DA2336 /* Customer.swift */,
				AB8A58852B7A0326006F3424 /* GrantChartDatum.swift */,
				AB5018282A8ABC9C00179B02 /* Result.swift */,
				AB48D3602A8EB1D900792DC4 /* FitTest.swift */,
				ABC614612B665E900033A5FF /* LCGRow.swift */,
			);
			path = Model;
			sourceTree = "<group>";
		};
		AB62A7582B3F11BA00CA6218 /* Frameworks */ = {
			isa = PBXGroup;
			children = (
				AB62A7592B3F11BA00CA6218 /* WidgetKit.framework */,
				AB62A75B2B3F11BA00CA6218 /* SwiftUI.framework */,
			);
			name = Frameworks;
			sourceTree = "<group>";
		};
		AB8A58902B7A0789006F3424 /* MM1 Priority */ = {
			isa = PBXGroup;
			children = (
				ABC614642B66F3000033A5FF /* MM1PriorityView.swift */,
				ABC614662B66F3520033A5FF /* MM1PriorityViewModel.swift */,
			);
			path = "MM1 Priority";
			sourceTree = "<group>";
		};
		ABC6145C2B6657420033A5FF /* QueringView */ = {
			isa = PBXGroup;
			children = (
				AB5018212A8A7A2C00179B02 /* QueryingView.swift */,
				AB5018252A8AB85F00179B02 /* QueuingViewModel.swift */,
			);
			path = QueringView;
			sourceTree = "<group>";
		};
		ABC6145D2B66574C0033A5FF /* Random Number */ = {
			isa = PBXGroup;
			children = (
				AB48D3502A8D756800792DC4 /* RandomViewModel.swift */,
				AB48D3622A8EDDEB00792DC4 /* RandomNumberView.swift */,
			);
			path = "Random Number";
			sourceTree = "<group>";
		};
		ABC6145E2B66575A0033A5FF /* LCG */ = {
			isa = PBXGroup;
			children = (
				ABC6145A2B6657320033A5FF /* LCGView.swift */,
				ABC6145F2B6657740033A5FF /* LCGViewModel.swift */,
			);
			path = LCG;
			sourceTree = "<group>";
		};
/* End PBXGroup section */

/* Begin PBXNativeTarget section */
		AB50180E2A8A75FD00179B02 /* OperationalResearchProject */ = {
			isa = PBXNativeTarget;
			buildConfigurationList = AB50181D2A8A75FF00179B02 /* Build configuration list for PBXNativeTarget "OperationalResearchProject" */;
			buildPhases = (
				AB50180B2A8A75FD00179B02 /* Sources */,
				AB50180C2A8A75FD00179B02 /* Frameworks */,
				AB50180D2A8A75FD00179B02 /* Resources */,
				AB62A76A2B3F11BB00CA6218 /* Embed Foundation Extensions */,
			);
			buildRules = (
			);
			dependencies = (
			);
			name = OperationalResearchProject;
			productName = OperationalResearchProject;
			productReference = AB50180F2A8A75FD00179B02 /* OperationalResearchProject.app */;
			productType = "com.apple.product-type.application";
		};
/* End PBXNativeTarget section */

/* Begin PBXProject section */
		AB5018072A8A75FD00179B02 /* Project object */ = {
			isa = PBXProject;
			attributes = {
				BuildIndependentTargetsInParallel = 1;
				LastSwiftUpdateCheck = 1510;
				LastUpgradeCheck = 1430;
				TargetAttributes = {
					AB50180E2A8A75FD00179B02 = {
						CreatedOnToolsVersion = 14.3.1;
					};
				};
			};
			buildConfigurationList = AB50180A2A8A75FD00179B02 /* Build configuration list for PBXProject "OperationalResearchProject" */;
			compatibilityVersion = "Xcode 14.0";
			developmentRegion = en;
			hasScannedForEncodings = 0;
			knownRegions = (
				en,
				Base,
			);
			mainGroup = AB5018062A8A75FD00179B02;
			productRefGroup = AB5018102A8A75FD00179B02 /* Products */;
			projectDirPath = "";
			projectRoot = "";
			targets = (
				AB50180E2A8A75FD00179B02 /* OperationalResearchProject */,
			);
		};
/* End PBXProject section */

/* Begin PBXResourcesBuildPhase section */
		AB50180D2A8A75FD00179B02 /* Resources */ = {
			isa = PBXResourcesBuildPhase;
			buildActionMask = 2147483647;
			files = (
				AB50181A2A8A75FF00179B02 /* Preview Assets.xcassets in Resources */,
				AB5018172A8A75FF00179B02 /* Assets.xcassets in Resources */,
			);
			runOnlyForDeploymentPostprocessing = 0;
		};
/* End PBXResourcesBuildPhase section */

/* Begin PBXSourcesBuildPhase section */
		AB50180B2A8A75FD00179B02 /* Sources */ = {
			isa = PBXSourcesBuildPhase;
			buildActionMask = 2147483647;
			files = (
				AB5018292A8ABC9C00179B02 /* Result.swift in Sources */,
				ABC6145B2B6657320033A5FF /* LCGView.swift in Sources */,
				AB48D3512A8D756800792DC4 /* RandomViewModel.swift in Sources */,
				AB5018152A8A75FD00179B02 /* ContentView.swift in Sources */,
				ABC614652B66F3000033A5FF /* MM1PriorityView.swift in Sources */,
				ABC614672B66F3520033A5FF /* MM1PriorityViewModel.swift in Sources */,
				AB82F9222B78330E00DA2336 /* Customer.swift in Sources */,
				AB48D3612A8EB1D900792DC4 /* FitTest.swift in Sources */,
				AB8A58862B7A0326006F3424 /* GrantChartDatum.swift in Sources */,
				ABC614602B6657740033A5FF /* LCGViewModel.swift in Sources */,
				AB5018262A8AB85F00179B02 /* QueuingViewModel.swift in Sources */,
				AB5018132A8A75FD00179B02 /* OperationalResearchProjectApp.swift in Sources */,
				AB48D3632A8EDDEB00792DC4 /* RandomNumberView.swift in Sources */,
				AB5018222A8A7A2C00179B02 /* QueryingView.swift in Sources */,
				ABC614622B665E900033A5FF /* LCGRow.swift in Sources */,
			);
			runOnlyForDeploymentPostprocessing = 0;
		};
/* End PBXSourcesBuildPhase section */

/* Begin XCBuildConfiguration section */
		AB50181B2A8A75FF00179B02 /* Debug */ = {
			isa = XCBuildConfiguration;
			buildSettings = {
				ALWAYS_SEARCH_USER_PATHS = NO;
				CLANG_ANALYZER_NONNULL = YES;
				CLANG_ANALYZER_NUMBER_OBJECT_CONVERSION = YES_AGGRESSIVE;
				CLANG_CXX_LANGUAGE_STANDARD = "gnu++20";
				CLANG_ENABLE_MODULES = YES;
				CLANG_ENABLE_OBJC_ARC = YES;
				CLANG_ENABLE_OBJC_WEAK = YES;
				CLANG_WARN_BLOCK_CAPTURE_AUTORELEASING = YES;
				CLANG_WARN_BOOL_CONVERSION = YES;
				CLANG_WARN_COMMA = YES;
				CLANG_WARN_CONSTANT_CONVERSION = YES;
				CLANG_WARN_DEPRECATED_OBJC_IMPLEMENTATIONS = YES;
				CLANG_WARN_DIRECT_OBJC_ISA_USAGE = YES_ERROR;
				CLANG_WARN_DOCUMENTATION_COMMENTS = YES;
				CLANG_WARN_EMPTY_BODY = YES;
				CLANG_WARN_ENUM_CONVERSION = YES;
				CLANG_WARN_INFINITE_RECURSION = YES;
				CLANG_WARN_INT_CONVERSION = YES;
				CLANG_WARN_NON_LITERAL_NULL_CONVERSION = YES;
				CLANG_WARN_OBJC_IMPLICIT_RETAIN_SELF = YES;
				CLANG_WARN_OBJC_LITERAL_CONVERSION = YES;
				CLANG_WARN_OBJC_ROOT_CLASS = YES_ERROR;
				CLANG_WARN_QUOTED_INCLUDE_IN_FRAMEWORK_HEADER = YES;
				CLANG_WARN_RANGE_LOOP_ANALYSIS = YES;
				CLANG_WARN_STRICT_PROTOTYPES = YES;
				CLANG_WARN_SUSPICIOUS_MOVE = YES;
				CLANG_WARN_UNGUARDED_AVAILABILITY = YES_AGGRESSIVE;
				CLANG_WARN_UNREACHABLE_CODE = YES;
				CLANG_WARN__DUPLICATE_METHOD_MATCH = YES;
				COPY_PHASE_STRIP = NO;
				DEBUG_INFORMATION_FORMAT = dwarf;
				ENABLE_STRICT_OBJC_MSGSEND = YES;
				ENABLE_TESTABILITY = YES;
				GCC_C_LANGUAGE_STANDARD = gnu11;
				GCC_DYNAMIC_NO_PIC = NO;
				GCC_NO_COMMON_BLOCKS = YES;
				GCC_OPTIMIZATION_LEVEL = 0;
				GCC_PREPROCESSOR_DEFINITIONS = (
					"DEBUG=1",
					"$(inherited)",
				);
				GCC_WARN_64_TO_32_BIT_CONVERSION = YES;
				GCC_WARN_ABOUT_RETURN_TYPE = YES_ERROR;
				GCC_WARN_UNDECLARED_SELECTOR = YES;
				GCC_WARN_UNINITIALIZED_AUTOS = YES_AGGRESSIVE;
				GCC_WARN_UNUSED_FUNCTION = YES;
				GCC_WARN_UNUSED_VARIABLE = YES;
				IPHONEOS_DEPLOYMENT_TARGET = 16.4;
				MTL_ENABLE_DEBUG_INFO = INCLUDE_SOURCE;
				MTL_FAST_MATH = YES;
				ONLY_ACTIVE_ARCH = YES;
				SDKROOT = iphoneos;
				SWIFT_ACTIVE_COMPILATION_CONDITIONS = DEBUG;
				SWIFT_OPTIMIZATION_LEVEL = "-Onone";
			};
			name = Debug;
		};
		AB50181C2A8A75FF00179B02 /* Release */ = {
			isa = XCBuildConfiguration;
			buildSettings = {
				ALWAYS_SEARCH_USER_PATHS = NO;
				CLANG_ANALYZER_NONNULL = YES;
				CLANG_ANALYZER_NUMBER_OBJECT_CONVERSION = YES_AGGRESSIVE;
				CLANG_CXX_LANGUAGE_STANDARD = "gnu++20";
				CLANG_ENABLE_MODULES = YES;
				CLANG_ENABLE_OBJC_ARC = YES;
				CLANG_ENABLE_OBJC_WEAK = YES;
				CLANG_WARN_BLOCK_CAPTURE_AUTORELEASING = YES;
				CLANG_WARN_BOOL_CONVERSION = YES;
				CLANG_WARN_COMMA = YES;
				CLANG_WARN_CONSTANT_CONVERSION = YES;
				CLANG_WARN_DEPRECATED_OBJC_IMPLEMENTATIONS = YES;
				CLANG_WARN_DIRECT_OBJC_ISA_USAGE = YES_ERROR;
				CLANG_WARN_DOCUMENTATION_COMMENTS = YES;
				CLANG_WARN_EMPTY_BODY = YES;
				CLANG_WARN_ENUM_CONVERSION = YES;
				CLANG_WARN_INFINITE_RECURSION = YES;
				CLANG_WARN_INT_CONVERSION = YES;
				CLANG_WARN_NON_LITERAL_NULL_CONVERSION = YES;
				CLANG_WARN_OBJC_IMPLICIT_RETAIN_SELF = YES;
				CLANG_WARN_OBJC_LITERAL_CONVERSION = YES;
				CLANG_WARN_OBJC_ROOT_CLASS = YES_ERROR;
				CLANG_WARN_QUOTED_INCLUDE_IN_FRAMEWORK_HEADER = YES;
				CLANG_WARN_RANGE_LOOP_ANALYSIS = YES;
				CLANG_WARN_STRICT_PROTOTYPES = YES;
				CLANG_WARN_SUSPICIOUS_MOVE = YES;
				CLANG_WARN_UNGUARDED_AVAILABILITY = YES_AGGRESSIVE;
				CLANG_WARN_UNREACHABLE_CODE = YES;
				CLANG_WARN__DUPLICATE_METHOD_MATCH = YES;
				COPY_PHASE_STRIP = NO;
				DEBUG_INFORMATION_FORMAT = "dwarf-with-dsym";
				ENABLE_NS_ASSERTIONS = NO;
				ENABLE_STRICT_OBJC_MSGSEND = YES;
				GCC_C_LANGUAGE_STANDARD = gnu11;
				GCC_NO_COMMON_BLOCKS = YES;
				GCC_WARN_64_TO_32_BIT_CONVERSION = YES;
				GCC_WARN_ABOUT_RETURN_TYPE = YES_ERROR;
				GCC_WARN_UNDECLARED_SELECTOR = YES;
				GCC_WARN_UNINITIALIZED_AUTOS = YES_AGGRESSIVE;
				GCC_WARN_UNUSED_FUNCTION = YES;
				GCC_WARN_UNUSED_VARIABLE = YES;
				IPHONEOS_DEPLOYMENT_TARGET = 16.4;
				MTL_ENABLE_DEBUG_INFO = NO;
				MTL_FAST_MATH = YES;
				SDKROOT = iphoneos;
				SWIFT_COMPILATION_MODE = wholemodule;
				SWIFT_OPTIMIZATION_LEVEL = "-O";
				VALIDATE_PRODUCT = YES;
			};
			name = Release;
		};
		AB50181E2A8A75FF00179B02 /* Debug */ = {
			isa = XCBuildConfiguration;
			buildSettings = {
				ALWAYS_EMBED_SWIFT_STANDARD_LIBRARIES = YES;
				ASSETCATALOG_COMPILER_APPICON_NAME = AppIcon;
				ASSETCATALOG_COMPILER_GLOBAL_ACCENT_COLOR_NAME = AccentColor;
				CODE_SIGN_STYLE = Automatic;
				CURRENT_PROJECT_VERSION = 1;
				DEVELOPMENT_ASSET_PATHS = "\"OperationalResearchProject/Preview Content\"";
				DEVELOPMENT_TEAM = WXG7HSGQZP;
				ENABLE_PREVIEWS = YES;
				GENERATE_INFOPLIST_FILE = YES;
				INFOPLIST_KEY_CFBundleDisplayName = Stylo;
				INFOPLIST_KEY_UIApplicationSceneManifest_Generation = YES;
				INFOPLIST_KEY_UIApplicationSupportsIndirectInputEvents = YES;
				INFOPLIST_KEY_UILaunchScreen_Generation = YES;
				INFOPLIST_KEY_UISupportedInterfaceOrientations_iPad = "UIInterfaceOrientationPortrait UIInterfaceOrientationPortraitUpsideDown UIInterfaceOrientationLandscapeLeft UIInterfaceOrientationLandscapeRight";
				INFOPLIST_KEY_UISupportedInterfaceOrientations_iPhone = "UIInterfaceOrientationPortrait UIInterfaceOrientationLandscapeLeft UIInterfaceOrientationLandscapeRight";
				INFOPLIST_KEY_UIUserInterfaceStyle = light;
				LD_RUNPATH_SEARCH_PATHS = (
					"$(inherited)",
					"@executable_path/Frameworks",
				);
				MARKETING_VERSION = 1.0;
				PRODUCT_BUNDLE_IDENTIFIER = ubit.com.or.project.OperationalResearchProject;
				PRODUCT_NAME = "$(TARGET_NAME)";
				SWIFT_EMIT_LOC_STRINGS = YES;
				SWIFT_VERSION = 5.0;
				TARGETED_DEVICE_FAMILY = "1,2";
			};
			name = Debug;
		};
		AB50181F2A8A75FF00179B02 /* Release */ = {
			isa = XCBuildConfiguration;
			buildSettings = {
				ALWAYS_EMBED_SWIFT_STANDARD_LIBRARIES = YES;
				ASSETCATALOG_COMPILER_APPICON_NAME = AppIcon;
				ASSETCATALOG_COMPILER_GLOBAL_ACCENT_COLOR_NAME = AccentColor;
				CODE_SIGN_STYLE = Automatic;
				CURRENT_PROJECT_VERSION = 1;
				DEVELOPMENT_ASSET_PATHS = "\"OperationalResearchProject/Preview Content\"";
				DEVELOPMENT_TEAM = WXG7HSGQZP;
				ENABLE_PREVIEWS = YES;
				GENERATE_INFOPLIST_FILE = YES;
				INFOPLIST_KEY_CFBundleDisplayName = Stylo;
				INFOPLIST_KEY_UIApplicationSceneManifest_Generation = YES;
				INFOPLIST_KEY_UIApplicationSupportsIndirectInputEvents = YES;
				INFOPLIST_KEY_UILaunchScreen_Generation = YES;
				INFOPLIST_KEY_UISupportedInterfaceOrientations_iPad = "UIInterfaceOrientationPortrait UIInterfaceOrientationPortraitUpsideDown UIInterfaceOrientationLandscapeLeft UIInterfaceOrientationLandscapeRight";
				INFOPLIST_KEY_UISupportedInterfaceOrientations_iPhone = "UIInterfaceOrientationPortrait UIInterfaceOrientationLandscapeLeft UIInterfaceOrientationLandscapeRight";
				INFOPLIST_KEY_UIUserInterfaceStyle = light;
				LD_RUNPATH_SEARCH_PATHS = (
					"$(inherited)",
					"@executable_path/Frameworks",
				);
				MARKETING_VERSION = 1.0;
				PRODUCT_BUNDLE_IDENTIFIER = ubit.com.or.project.OperationalResearchProject;
				PRODUCT_NAME = "$(TARGET_NAME)";
				SWIFT_EMIT_LOC_STRINGS = YES;
				SWIFT_VERSION = 5.0;
				TARGETED_DEVICE_FAMILY = "1,2";
			};
			name = Release;
		};
/* End XCBuildConfiguration section */

/* Begin XCConfigurationList section */
		AB50180A2A8A75FD00179B02 /* Build configuration list for PBXProject "OperationalResearchProject" */ = {
			isa = XCConfigurationList;
			buildConfigurations = (
				AB50181B2A8A75FF00179B02 /* Debug */,
				AB50181C2A8A75FF00179B02 /* Release */,
			);
			defaultConfigurationIsVisible = 0;
			defaultConfigurationName = Release;
		};
		AB50181D2A8A75FF00179B02 /* Build configuration list for PBXNativeTarget "OperationalResearchProject" */ = {
			isa = XCConfigurationList;
			buildConfigurations = (
				AB50181E2A8A75FF00179B02 /* Debug */,
				AB50181F2A8A75FF00179B02 /* Release */,
			);
			defaultConfigurationIsVisible = 0;
			defaultConfigurationName = Release;
		};
/* End XCConfigurationList section */
	};
	rootObject = AB5018072A8A75FD00179B02 /* Project object */;
}
